
Microsoft Visual Studio Solution File, Format Version 12.00
# Visual Studio Version 16
VisualStudioVersion = 16.0.29613.14
MinimumVisualStudioVersion = 10.0.40219.1
Project("{FAE04EC0-301F-11D3-BF4B-00C04F79EFBC}") = "BasicMath", "BasicMath\BasicMath.csproj", "{BCB72D09-B48A-4FA7-A1EF-01156EEBC434}"
EndProject
Global
	GlobalSection(SolutionConfigurationPlatforms) = preSolution
		Debug|Any CPU = Debug|Any CPU
		Release|Any CPU = Release|Any CPU
	EndGlobalSection
	GlobalSection(ProjectConfigurationPlatforms) = postSolution
		{BCB72D09-B48A-4FA7-A1EF-01156EEBC434}.Debug|Any CPU.ActiveCfg = Debug|Any CPU
		{BCB72D09-B48A-4FA7-A1EF-01156EEBC434}.Debug|Any CPU.Build.0 = Debug|Any CPU
		{BCB72D09-B48A-4FA7-A1EF-01156EEBC434}.Release|Any CPU.ActiveCfg = Release|Any CPU
		{BCB72D09-B48A-4FA7-A1EF-01156EEBC434}.Release|Any CPU.Build.0 = Release|Any CPU
	EndGlobalSection
	GlobalSection(SolutionProperties) = preSolution
		HideSolutionNode = FALSE
	EndGlobalSection
	GlobalSection(ExtensibilityGlobals) = postSolution
		SolutionGuid = {36233868-21E9-4305-BC1F-ECF570DEFDC4}
	EndGlobalSection
EndGlobal
